
Microsoft Visual Studio Solution File, Format Version 12.00
# Visual Studio 15
VisualStudioVersion = 15.0.28307.757
MinimumVisualStudioVersion = 10.0.40219.1
Project("{9A19103F-16F7-4668-BE54-9A1E7A4F7556}") = "InsertNumber", "InsertNumber\InsertNumber.csproj", "{6BF2F152-522B-4EEA-9FF8-AA6BB26A8595}"
EndProject
Project("{9A19103F-16F7-4668-BE54-9A1E7A4F7556}") = "InsertNumber.Tests", "InsertNumber.Tests\InsertNumber.Tests.csproj", "{7D09B646-50BC-46DF-926F-F1DF03F30C0C}"
EndProject
Project("{2150E333-8FDC-42A3-9474-1A3956D46DE8}") = "InsertNumber_Task", "InsertNumber_Task", "{92286F58-2757-4388-B906-B6D41D7392E5}"
EndProject
Project("{2150E333-8FDC-42A3-9474-1A3956D46DE8}") = "FindNextBiggerNumber_Task", "FindNextBiggerNumber_Task", "{EC1D4F45-62AC-4FC3-AB54-598FB4C59B67}"
EndProject
Project("{FAE04EC0-301F-11D3-BF4B-00C04F79EFBC}") = "FindBiggerNumber", "FindBiggerNumber\FindBiggerNumber.csproj", "{A8215841-245F-48EF-B9F8-71C736FA9282}"
EndProject
Project("{FAE04EC0-301F-11D3-BF4B-00C04F79EFBC}") = "FindBiggerNumber.Tests", "FindBiggerNumber.Tests\FindBiggerNumber.Tests.csproj", "{59809CDC-F036-4DF6-889B-8C1348C84A04}"
EndProject
Global
	GlobalSection(SolutionConfigurationPlatforms) = preSolution
		Debug|Any CPU = Debug|Any CPU
		Release|Any CPU = Release|Any CPU
	EndGlobalSection
	GlobalSection(ProjectConfigurationPlatforms) = postSolution
		{6BF2F152-522B-4EEA-9FF8-AA6BB26A8595}.Debug|Any CPU.ActiveCfg = Debug|Any CPU
		{6BF2F152-522B-4EEA-9FF8-AA6BB26A8595}.Debug|Any CPU.Build.0 = Debug|Any CPU
		{6BF2F152-522B-4EEA-9FF8-AA6BB26A8595}.Release|Any CPU.ActiveCfg = Release|Any CPU
		{6BF2F152-522B-4EEA-9FF8-AA6BB26A8595}.Release|Any CPU.Build.0 = Release|Any CPU
		{7D09B646-50BC-46DF-926F-F1DF03F30C0C}.Debug|Any CPU.ActiveCfg = Debug|Any CPU
		{7D09B646-50BC-46DF-926F-F1DF03F30C0C}.Debug|Any CPU.Build.0 = Debug|Any CPU
		{7D09B646-50BC-46DF-926F-F1DF03F30C0C}.Release|Any CPU.ActiveCfg = Release|Any CPU
		{7D09B646-50BC-46DF-926F-F1DF03F30C0C}.Release|Any CPU.Build.0 = Release|Any CPU
		{A8215841-245F-48EF-B9F8-71C736FA9282}.Debug|Any CPU.ActiveCfg = Debug|Any CPU
		{A8215841-245F-48EF-B9F8-71C736FA9282}.Debug|Any CPU.Build.0 = Debug|Any CPU
		{A8215841-245F-48EF-B9F8-71C736FA9282}.Release|Any CPU.ActiveCfg = Release|Any CPU
		{A8215841-245F-48EF-B9F8-71C736FA9282}.Release|Any CPU.Build.0 = Release|Any CPU
		{59809CDC-F036-4DF6-889B-8C1348C84A04}.Debug|Any CPU.ActiveCfg = Debug|Any CPU
		{59809CDC-F036-4DF6-889B-8C1348C84A04}.Debug|Any CPU.Build.0 = Debug|Any CPU
		{59809CDC-F036-4DF6-889B-8C1348C84A04}.Release|Any CPU.ActiveCfg = Release|Any CPU
		{59809CDC-F036-4DF6-889B-8C1348C84A04}.Release|Any CPU.Build.0 = Release|Any CPU
	EndGlobalSection
	GlobalSection(SolutionProperties) = preSolution
		HideSolutionNode = FALSE
	EndGlobalSection
	GlobalSection(NestedProjects) = preSolution
		{6BF2F152-522B-4EEA-9FF8-AA6BB26A8595} = {92286F58-2757-4388-B906-B6D41D7392E5}
		{7D09B646-50BC-46DF-926F-F1DF03F30C0C} = {92286F58-2757-4388-B906-B6D41D7392E5}
		{A8215841-245F-48EF-B9F8-71C736FA9282} = {EC1D4F45-62AC-4FC3-AB54-598FB4C59B67}
		{59809CDC-F036-4DF6-889B-8C1348C84A04} = {EC1D4F45-62AC-4FC3-AB54-598FB4C59B67}
	EndGlobalSection
	GlobalSection(ExtensibilityGlobals) = postSolution
		SolutionGuid = {EEECCA5C-EBBC-4FA1-B4B6-B465B9F3037B}
	EndGlobalSection
EndGlobal
